// !$*UTF8*$!
{
	archiveVersion = 1;
	classes = {
	};
	objectVersion = 56;
	objects = {

/* Begin PBXBuildFile section */
		59292BE52B4998460021C4D1 /* CartViewController.swift in Sources */ = {isa = PBXBuildFile; fileRef = 59292BE42B4998460021C4D1 /* CartViewController.swift */; };
		59292BE72B4999530021C4D1 /* CartTableViewCell.swift in Sources */ = {isa = PBXBuildFile; fileRef = 59292BE62B4999530021C4D1 /* CartTableViewCell.swift */; };
		59292BE92B4999F60021C4D1 /* CartTableViewCellVM.swift in Sources */ = {isa = PBXBuildFile; fileRef = 59292BE82B4999F60021C4D1 /* CartTableViewCellVM.swift */; };
		59292BEB2B499A080021C4D1 /* CartViewModel.swift in Sources */ = {isa = PBXBuildFile; fileRef = 59292BEA2B499A080021C4D1 /* CartViewModel.swift */; };
		59292BED2B49DA6F0021C4D1 /* CommonConfig.swift in Sources */ = {isa = PBXBuildFile; fileRef = 59292BEC2B49DA6F0021C4D1 /* CommonConfig.swift */; };
		59292BF12B49DE070021C4D1 /* HomeTabbarController.swift in Sources */ = {isa = PBXBuildFile; fileRef = 59292BF02B49DE070021C4D1 /* HomeTabbarController.swift */; };
		59292BF52B49E1330021C4D1 /* AccountsViewModel.swift in Sources */ = {isa = PBXBuildFile; fileRef = 59292BF42B49E1330021C4D1 /* AccountsViewModel.swift */; };
		593BE3192B4A88470053CB62 /* UILabel + Extension.swift in Sources */ = {isa = PBXBuildFile; fileRef = 593BE3182B4A88470053CB62 /* UILabel + Extension.swift */; };
		5958B9432B585CF2009B7719 /* HelpViewController.swift in Sources */ = {isa = PBXBuildFile; fileRef = 5958B9422B585CF2009B7719 /* HelpViewController.swift */; };
		5958B9452B585DB8009B7719 /* FAQTableViewCell.swift in Sources */ = {isa = PBXBuildFile; fileRef = 5958B9442B585DB8009B7719 /* FAQTableViewCell.swift */; };
		5958B9472B586024009B7719 /* TermsAndConditionViewController.swift in Sources */ = {isa = PBXBuildFile; fileRef = 5958B9462B586024009B7719 /* TermsAndConditionViewController.swift */; };
		596A860D2B48446400DA4949 /* HomeViewController.swift in Sources */ = {isa = PBXBuildFile; fileRef = 596A860C2B48446400DA4949 /* HomeViewController.swift */; };
		596A86112B48456F00DA4949 /* HomeViewModel.swift in Sources */ = {isa = PBXBuildFile; fileRef = 596A86102B48456F00DA4949 /* HomeViewModel.swift */; };
		596A86132B4845CF00DA4949 /* BaseViewModel.swift in Sources */ = {isa = PBXBuildFile; fileRef = 596A86122B4845CF00DA4949 /* BaseViewModel.swift */; };
		596A86162B4847C600DA4949 /* WelcomeTableViewCell.swift in Sources */ = {isa = PBXBuildFile; fileRef = 596A86152B4847C600DA4949 /* WelcomeTableViewCell.swift */; };
		596A86182B48481100DA4949 /* WelcomeTableViewCellVM.swift in Sources */ = {isa = PBXBuildFile; fileRef = 596A86172B48481100DA4949 /* WelcomeTableViewCellVM.swift */; };
		596A861A2B48485400DA4949 /* OffersCollectionViewCellVM.swift in Sources */ = {isa = PBXBuildFile; fileRef = 596A86192B48485400DA4949 /* OffersCollectionViewCellVM.swift */; };
		596A861C2B48488C00DA4949 /* OffersCollectionViewCell.swift in Sources */ = {isa = PBXBuildFile; fileRef = 596A861B2B48488C00DA4949 /* OffersCollectionViewCell.swift */; };
		596A861E2B4848E100DA4949 /* UIImageView + Extension.swift in Sources */ = {isa = PBXBuildFile; fileRef = 596A861D2B4848E100DA4949 /* UIImageView + Extension.swift */; };
		596A86202B484A8400DA4949 /* CategoryCollectionViewCell.swift in Sources */ = {isa = PBXBuildFile; fileRef = 596A861F2B484A8400DA4949 /* CategoryCollectionViewCell.swift */; };
		596A86222B484A9B00DA4949 /* CategoryTableViewCell.swift in Sources */ = {isa = PBXBuildFile; fileRef = 596A86212B484A9B00DA4949 /* CategoryTableViewCell.swift */; };
		596A86242B484B3300DA4949 /* CategoryTableViewCellVM.swift in Sources */ = {isa = PBXBuildFile; fileRef = 596A86232B484B3300DA4949 /* CategoryTableViewCellVM.swift */; };
		596A86262B484BB900DA4949 /* CategoryCollectionViewCellVM.swift in Sources */ = {isa = PBXBuildFile; fileRef = 596A86252B484BB900DA4949 /* CategoryCollectionViewCellVM.swift */; };
		596A86352B48683400DA4949 /* LICENSE.txt in Resources */ = {isa = PBXBuildFile; fileRef = 596A86282B48683400DA4949 /* LICENSE.txt */; };
		596A86362B48683400DA4949 /* Roboto-BlackItalic.ttf in Resources */ = {isa = PBXBuildFile; fileRef = 596A86292B48683400DA4949 /* Roboto-BlackItalic.ttf */; };
		596A86372B48683400DA4949 /* Roboto-ThinItalic.ttf in Resources */ = {isa = PBXBuildFile; fileRef = 596A862A2B48683400DA4949 /* Roboto-ThinItalic.ttf */; };
		596A86382B48683400DA4949 /* Roboto-LightItalic.ttf in Resources */ = {isa = PBXBuildFile; fileRef = 596A862B2B48683400DA4949 /* Roboto-LightItalic.ttf */; };
		596A86392B48683400DA4949 /* Roboto-Thin.ttf in Resources */ = {isa = PBXBuildFile; fileRef = 596A862C2B48683400DA4949 /* Roboto-Thin.ttf */; };
		596A863A2B48683400DA4949 /* Roboto-MediumItalic.ttf in Resources */ = {isa = PBXBuildFile; fileRef = 596A862D2B48683400DA4949 /* Roboto-MediumItalic.ttf */; };
		596A863B2B48683400DA4949 /* Roboto-Italic.ttf in Resources */ = {isa = PBXBuildFile; fileRef = 596A862E2B48683400DA4949 /* Roboto-Italic.ttf */; };
		596A863C2B48683400DA4949 /* Roboto-Medium.ttf in Resources */ = {isa = PBXBuildFile; fileRef = 596A862F2B48683400DA4949 /* Roboto-Medium.ttf */; };
		596A863D2B48683400DA4949 /* Roboto-Bold.ttf in Resources */ = {isa = PBXBuildFile; fileRef = 596A86302B48683400DA4949 /* Roboto-Bold.ttf */; };
		596A863E2B48683400DA4949 /* Roboto-Black.ttf in Resources */ = {isa = PBXBuildFile; fileRef = 596A86312B48683400DA4949 /* Roboto-Black.ttf */; };
		596A863F2B48683400DA4949 /* Roboto-BoldItalic.ttf in Resources */ = {isa = PBXBuildFile; fileRef = 596A86322B48683400DA4949 /* Roboto-BoldItalic.ttf */; };
		596A86402B48683400DA4949 /* Roboto-Regular.ttf in Resources */ = {isa = PBXBuildFile; fileRef = 596A86332B48683400DA4949 /* Roboto-Regular.ttf */; };
		596A86412B48683400DA4949 /* Roboto-Light.ttf in Resources */ = {isa = PBXBuildFile; fileRef = 596A86342B48683400DA4949 /* Roboto-Light.ttf */; };
		596A86482B486A7700DA4949 /* CategoriesViewController.swift in Sources */ = {isa = PBXBuildFile; fileRef = 596A86472B486A7700DA4949 /* CategoriesViewController.swift */; };
		596A864A2B486AE100DA4949 /* CategoriesViewModel.swift in Sources */ = {isa = PBXBuildFile; fileRef = 596A86492B486AE100DA4949 /* CategoriesViewModel.swift */; };
		596A864C2B486B3B00DA4949 /* CategoriesListCollectionViewCell.swift in Sources */ = {isa = PBXBuildFile; fileRef = 596A864B2B486B3B00DA4949 /* CategoriesListCollectionViewCell.swift */; };
		599924802B528B3D002E0DCB /* UIViewController + Extension.swift in Sources */ = {isa = PBXBuildFile; fileRef = 5999247F2B528B3D002E0DCB /* UIViewController + Extension.swift */; };
		599924822B5293D1002E0DCB /* UIString + Extension.swift in Sources */ = {isa = PBXBuildFile; fileRef = 599924812B5293D1002E0DCB /* UIString + Extension.swift */; };
		599924842B5293FF002E0DCB /* CardFormatter.swift in Sources */ = {isa = PBXBuildFile; fileRef = 599924832B5293FF002E0DCB /* CardFormatter.swift */; };
		599924862B5296FF002E0DCB /* UItextField + Extension.swift in Sources */ = {isa = PBXBuildFile; fileRef = 599924852B5296FF002E0DCB /* UItextField + Extension.swift */; };
		599924882B52AB65002E0DCB /* OrdersViewController.swift in Sources */ = {isa = PBXBuildFile; fileRef = 599924872B52AB65002E0DCB /* OrdersViewController.swift */; };
		5999248A2B52ABD2002E0DCB /* OrdersTableViewCell.swift in Sources */ = {isa = PBXBuildFile; fileRef = 599924892B52ABD2002E0DCB /* OrdersTableViewCell.swift */; };
		5999248C2B52AC48002E0DCB /* OrdersCollectionViewCell.swift in Sources */ = {isa = PBXBuildFile; fileRef = 5999248B2B52AC48002E0DCB /* OrdersCollectionViewCell.swift */; };
		5999248E2B52ACD9002E0DCB /* OrdersViewControllerVM.swift in Sources */ = {isa = PBXBuildFile; fileRef = 5999248D2B52ACD9002E0DCB /* OrdersViewControllerVM.swift */; };
		599924902B52AD9C002E0DCB /* OrdersTableViewCellVM.swift in Sources */ = {isa = PBXBuildFile; fileRef = 5999248F2B52AD9C002E0DCB /* OrdersTableViewCellVM.swift */; };
		599924922B52C4E1002E0DCB /* OrdersCollectionViewCellVM.swift in Sources */ = {isa = PBXBuildFile; fileRef = 599924912B52C4E1002E0DCB /* OrdersCollectionViewCellVM.swift */; };
		599924942B52EDCF002E0DCB /* OrderDetailsViewController.swift in Sources */ = {isa = PBXBuildFile; fileRef = 599924932B52EDCF002E0DCB /* OrderDetailsViewController.swift */; };
		599924962B52EEAC002E0DCB /* OrderInfoTableViewCell.swift in Sources */ = {isa = PBXBuildFile; fileRef = 599924952B52EEAC002E0DCB /* OrderInfoTableViewCell.swift */; };
		599924982B52F06B002E0DCB /* OrderDetailsViewControllerVM.swift in Sources */ = {isa = PBXBuildFile; fileRef = 599924972B52F06B002E0DCB /* OrderDetailsViewControllerVM.swift */; };
		5999249A2B52F226002E0DCB /* OrderInfoTableViewCellVM.swift in Sources */ = {isa = PBXBuildFile; fileRef = 599924992B52F226002E0DCB /* OrderInfoTableViewCellVM.swift */; };
		5999249C2B558EF8002E0DCB /* WishListViewController.swift in Sources */ = {isa = PBXBuildFile; fileRef = 5999249B2B558EF8002E0DCB /* WishListViewController.swift */; };
		5999249E2B558F81002E0DCB /* WishListViewControllerVM.swift in Sources */ = {isa = PBXBuildFile; fileRef = 5999249D2B558F81002E0DCB /* WishListViewControllerVM.swift */; };
		599924A02B559F9F002E0DCB /* CardListViewController.swift in Sources */ = {isa = PBXBuildFile; fileRef = 5999249F2B559F9F002E0DCB /* CardListViewController.swift */; };
		599924A22B559FE9002E0DCB /* CardViewTableViewCell.swift in Sources */ = {isa = PBXBuildFile; fileRef = 599924A12B559FE9002E0DCB /* CardViewTableViewCell.swift */; };
		599924A42B55A05F002E0DCB /* AddCardTableViewCell.swift in Sources */ = {isa = PBXBuildFile; fileRef = 599924A32B55A05F002E0DCB /* AddCardTableViewCell.swift */; };
		599924A62B55A9DA002E0DCB /* ReferViewController.swift in Sources */ = {isa = PBXBuildFile; fileRef = 599924A52B55A9DA002E0DCB /* ReferViewController.swift */; };
		599924A82B55B13C002E0DCB /* SettingsViewController.swift in Sources */ = {isa = PBXBuildFile; fileRef = 599924A72B55B13C002E0DCB /* SettingsViewController.swift */; };
		599924AA2B55B1AB002E0DCB /* SettingsTableViewCell.swift in Sources */ = {isa = PBXBuildFile; fileRef = 599924A92B55B1AB002E0DCB /* SettingsTableViewCell.swift */; };
		599924AC2B55B225002E0DCB /* SettingsViewControllerVM.swift in Sources */ = {isa = PBXBuildFile; fileRef = 599924AB2B55B225002E0DCB /* SettingsViewControllerVM.swift */; };
		599924AE2B55B595002E0DCB /* SettingsTableViewCellVM.swift in Sources */ = {isa = PBXBuildFile; fileRef = 599924AD2B55B595002E0DCB /* SettingsTableViewCellVM.swift */; };
		59A3036A2B4DB0C2003E2225 /* CheckoutViewController.swift in Sources */ = {isa = PBXBuildFile; fileRef = 59A303692B4DB0C2003E2225 /* CheckoutViewController.swift */; };
		59A3036C2B4DB22B003E2225 /* CardTableViewCell.swift in Sources */ = {isa = PBXBuildFile; fileRef = 59A3036B2B4DB22B003E2225 /* CardTableViewCell.swift */; };
		59A3036E2B4DB27B003E2225 /* BillInfoTableViewCell.swift in Sources */ = {isa = PBXBuildFile; fileRef = 59A3036D2B4DB27B003E2225 /* BillInfoTableViewCell.swift */; };
		59A303702B4DB362003E2225 /* CardTableViewCellVM.swift in Sources */ = {isa = PBXBuildFile; fileRef = 59A3036F2B4DB362003E2225 /* CardTableViewCellVM.swift */; };
		59A303722B4DB4CA003E2225 /* BillInfoTableViewCellVM.swift in Sources */ = {isa = PBXBuildFile; fileRef = 59A303712B4DB4CA003E2225 /* BillInfoTableViewCellVM.swift */; };
		59A303742B4DB697003E2225 /* CheckoutViewControllerVM.swift in Sources */ = {isa = PBXBuildFile; fileRef = 59A303732B4DB697003E2225 /* CheckoutViewControllerVM.swift */; };
		59ABD8B72B45A612004AA88C /* AppDelegate.swift in Sources */ = {isa = PBXBuildFile; fileRef = 59ABD8B62B45A612004AA88C /* AppDelegate.swift */; };
		59ABD8B92B45A612004AA88C /* SceneDelegate.swift in Sources */ = {isa = PBXBuildFile; fileRef = 59ABD8B82B45A612004AA88C /* SceneDelegate.swift */; };
		59ABD8BB2B45A612004AA88C /* ViewController.swift in Sources */ = {isa = PBXBuildFile; fileRef = 59ABD8BA2B45A612004AA88C /* ViewController.swift */; };
		59ABD8BE2B45A612004AA88C /* Main.storyboard in Resources */ = {isa = PBXBuildFile; fileRef = 59ABD8BC2B45A612004AA88C /* Main.storyboard */; };
		59ABD8C02B45A614004AA88C /* Assets.xcassets in Resources */ = {isa = PBXBuildFile; fileRef = 59ABD8BF2B45A614004AA88C /* Assets.xcassets */; };
		59ABD8C32B45A614004AA88C /* LaunchScreen.storyboard in Resources */ = {isa = PBXBuildFile; fileRef = 59ABD8C12B45A614004AA88C /* LaunchScreen.storyboard */; };
		59ABD8CE2B45A614004AA88C /* Store_Front_SellachaTests.swift in Sources */ = {isa = PBXBuildFile; fileRef = 59ABD8CD2B45A614004AA88C /* Store_Front_SellachaTests.swift */; };
		59ABD8D82B45A614004AA88C /* Store_Front_SellachaUITests.swift in Sources */ = {isa = PBXBuildFile; fileRef = 59ABD8D72B45A614004AA88C /* Store_Front_SellachaUITests.swift */; };
		59ABD8DA2B45A614004AA88C /* Store_Front_SellachaUITestsLaunchTests.swift in Sources */ = {isa = PBXBuildFile; fileRef = 59ABD8D92B45A614004AA88C /* Store_Front_SellachaUITestsLaunchTests.swift */; };
		59BE8D3D2B488E2800697464 /* AccountsViewController.swift in Sources */ = {isa = PBXBuildFile; fileRef = 59BE8D3C2B488E2800697464 /* AccountsViewController.swift */; };
		59C5D07B2B45ABAD00BF841E /* Networks in Resources */ = {isa = PBXBuildFile; fileRef = 59C5D07A2B45ABAD00BF841E /* Networks */; };
		59D1B7992B4DCA36000CAAAD /* AddressFilledTableViewCell.swift in Sources */ = {isa = PBXBuildFile; fileRef = 59D1B7982B4DCA36000CAAAD /* AddressFilledTableViewCell.swift */; };
		59D1B79B2B4DCC12000CAAAD /* CardFilledTableViewCell.swift in Sources */ = {isa = PBXBuildFile; fileRef = 59D1B79A2B4DCC12000CAAAD /* CardFilledTableViewCell.swift */; };
		59D1B79D2B4DCC92000CAAAD /* AddressViewController.swift in Sources */ = {isa = PBXBuildFile; fileRef = 59D1B79C2B4DCC92000CAAAD /* AddressViewController.swift */; };
		59D1B79F2B4DCD77000CAAAD /* CardsViewController.swift in Sources */ = {isa = PBXBuildFile; fileRef = 59D1B79E2B4DCD77000CAAAD /* CardsViewController.swift */; };
		59D1B7A12B4DD160000CAAAD /* CompletionViewController.swift in Sources */ = {isa = PBXBuildFile; fileRef = 59D1B7A02B4DD160000CAAAD /* CompletionViewController.swift */; };
		59D1B7A32B4DD615000CAAAD /* CardFilledTableViewCellVm.swift in Sources */ = {isa = PBXBuildFile; fileRef = 59D1B7A22B4DD615000CAAAD /* CardFilledTableViewCellVm.swift */; };
		59D1B7A52B4DD671000CAAAD /* AddressFilledTableViewCellVM.swift in Sources */ = {isa = PBXBuildFile; fileRef = 59D1B7A42B4DD671000CAAAD /* AddressFilledTableViewCellVM.swift */; };
		59D1B7A72B4DD7B0000CAAAD /* AddressViewModel.swift in Sources */ = {isa = PBXBuildFile; fileRef = 59D1B7A62B4DD7B0000CAAAD /* AddressViewModel.swift */; };
		59D1B7A92B4DD7E4000CAAAD /* CardsViewModel.swift in Sources */ = {isa = PBXBuildFile; fileRef = 59D1B7A82B4DD7E4000CAAAD /* CardsViewModel.swift */; };
		59DF3B242B62DC0B00719EEF /* SignupViewController.swift in Sources */ = {isa = PBXBuildFile; fileRef = 59DF3B232B62DC0B00719EEF /* SignupViewController.swift */; };
		59DF3B292B62DC9B00719EEF /* SignupViewModel.swift in Sources */ = {isa = PBXBuildFile; fileRef = 59DF3B282B62DC9B00719EEF /* SignupViewModel.swift */; };
		59DF3B2B2B62DF6E00719EEF /* LoginOrSignUpViewController.swift in Sources */ = {isa = PBXBuildFile; fileRef = 59DF3B2A2B62DF6E00719EEF /* LoginOrSignUpViewController.swift */; };
		59DF3B2D2B62E18300719EEF /* SignInViewController.swift in Sources */ = {isa = PBXBuildFile; fileRef = 59DF3B2C2B62E18300719EEF /* SignInViewController.swift */; };
		59DF3B2F2B62E56C00719EEF /* SignInViewModel.swift in Sources */ = {isa = PBXBuildFile; fileRef = 59DF3B2E2B62E56C00719EEF /* SignInViewModel.swift */; };
		74F10E4476D749EA0151B741 /* Pods_Store_Front_Sellacha.framework in Frameworks */ = {isa = PBXBuildFile; fileRef = 901ED4AF698C3CFD18A40A6B /* Pods_Store_Front_Sellacha.framework */; };
/* End PBXBuildFile section */

/* Begin PBXContainerItemProxy section */
		59ABD8CA2B45A614004AA88C /* PBXContainerItemProxy */ = {
			isa = PBXContainerItemProxy;
			containerPortal = 59ABD8AB2B45A612004AA88C /* Project object */;
			proxyType = 1;
			remoteGlobalIDString = 59ABD8B22B45A612004AA88C;
			remoteInfo = "Store Front-Sellacha";
		};
		59ABD8D42B45A614004AA88C /* PBXContainerItemProxy */ = {
			isa = PBXContainerItemProxy;
			containerPortal = 59ABD8AB2B45A612004AA88C /* Project object */;
			proxyType = 1;
			remoteGlobalIDString = 59ABD8B22B45A612004AA88C;
			remoteInfo = "Store Front-Sellacha";
		};
/* End PBXContainerItemProxy section */

/* Begin PBXFileReference section */
		11C2FD65DBD35B932505F4F2 /* Pods-Store Front-Sellacha.debug.xcconfig */ = {isa = PBXFileReference; includeInIndex = 1; lastKnownFileType = text.xcconfig; name = "Pods-Store Front-Sellacha.debug.xcconfig"; path = "Target Support Files/Pods-Store Front-Sellacha/Pods-Store Front-Sellacha.debug.xcconfig"; sourceTree = "<group>"; };
		59292BE42B4998460021C4D1 /* CartViewController.swift */ = {isa = PBXFileReference; lastKnownFileType = sourcecode.swift; path = CartViewController.swift; sourceTree = "<group>"; };
		59292BE62B4999530021C4D1 /* CartTableViewCell.swift */ = {isa = PBXFileReference; lastKnownFileType = sourcecode.swift; path = CartTableViewCell.swift; sourceTree = "<group>"; };
		59292BE82B4999F60021C4D1 /* CartTableViewCellVM.swift */ = {isa = PBXFileReference; lastKnownFileType = sourcecode.swift; path = CartTableViewCellVM.swift; sourceTree = "<group>"; };
		59292BEA2B499A080021C4D1 /* CartViewModel.swift */ = {isa = PBXFileReference; lastKnownFileType = sourcecode.swift; path = CartViewModel.swift; sourceTree = "<group>"; };
		59292BEC2B49DA6F0021C4D1 /* CommonConfig.swift */ = {isa = PBXFileReference; lastKnownFileType = sourcecode.swift; path = CommonConfig.swift; sourceTree = "<group>"; };
		59292BF02B49DE070021C4D1 /* HomeTabbarController.swift */ = {isa = PBXFileReference; lastKnownFileType = sourcecode.swift; path = HomeTabbarController.swift; sourceTree = "<group>"; };
		59292BF42B49E1330021C4D1 /* AccountsViewModel.swift */ = {isa = PBXFileReference; lastKnownFileType = sourcecode.swift; path = AccountsViewModel.swift; sourceTree = "<group>"; };
		593BE3182B4A88470053CB62 /* UILabel + Extension.swift */ = {isa = PBXFileReference; lastKnownFileType = sourcecode.swift; path = "UILabel + Extension.swift"; sourceTree = "<group>"; };
		5958B9422B585CF2009B7719 /* HelpViewController.swift */ = {isa = PBXFileReference; lastKnownFileType = sourcecode.swift; path = HelpViewController.swift; sourceTree = "<group>"; };
		5958B9442B585DB8009B7719 /* FAQTableViewCell.swift */ = {isa = PBXFileReference; lastKnownFileType = sourcecode.swift; path = FAQTableViewCell.swift; sourceTree = "<group>"; };
		5958B9462B586024009B7719 /* TermsAndConditionViewController.swift */ = {isa = PBXFileReference; lastKnownFileType = sourcecode.swift; path = TermsAndConditionViewController.swift; sourceTree = "<group>"; };
		596A860C2B48446400DA4949 /* HomeViewController.swift */ = {isa = PBXFileReference; lastKnownFileType = sourcecode.swift; path = HomeViewController.swift; sourceTree = "<group>"; };
		596A86102B48456F00DA4949 /* HomeViewModel.swift */ = {isa = PBXFileReference; lastKnownFileType = sourcecode.swift; path = HomeViewModel.swift; sourceTree = "<group>"; };
		596A86122B4845CF00DA4949 /* BaseViewModel.swift */ = {isa = PBXFileReference; lastKnownFileType = sourcecode.swift; path = BaseViewModel.swift; sourceTree = "<group>"; };
		596A86152B4847C600DA4949 /* WelcomeTableViewCell.swift */ = {isa = PBXFileReference; lastKnownFileType = sourcecode.swift; path = WelcomeTableViewCell.swift; sourceTree = "<group>"; };
		596A86172B48481100DA4949 /* WelcomeTableViewCellVM.swift */ = {isa = PBXFileReference; lastKnownFileType = sourcecode.swift; path = WelcomeTableViewCellVM.swift; sourceTree = "<group>"; };
		596A86192B48485400DA4949 /* OffersCollectionViewCellVM.swift */ = {isa = PBXFileReference; lastKnownFileType = sourcecode.swift; path = OffersCollectionViewCellVM.swift; sourceTree = "<group>"; };
		596A861B2B48488C00DA4949 /* OffersCollectionViewCell.swift */ = {isa = PBXFileReference; lastKnownFileType = sourcecode.swift; path = OffersCollectionViewCell.swift; sourceTree = "<group>"; };
		596A861D2B4848E100DA4949 /* UIImageView + Extension.swift */ = {isa = PBXFileReference; lastKnownFileType = sourcecode.swift; path = "UIImageView + Extension.swift"; sourceTree = "<group>"; };
		596A861F2B484A8400DA4949 /* CategoryCollectionViewCell.swift */ = {isa = PBXFileReference; lastKnownFileType = sourcecode.swift; path = CategoryCollectionViewCell.swift; sourceTree = "<group>"; };
		596A86212B484A9B00DA4949 /* CategoryTableViewCell.swift */ = {isa = PBXFileReference; lastKnownFileType = sourcecode.swift; path = CategoryTableViewCell.swift; sourceTree = "<group>"; };
		596A86232B484B3300DA4949 /* CategoryTableViewCellVM.swift */ = {isa = PBXFileReference; lastKnownFileType = sourcecode.swift; path = CategoryTableViewCellVM.swift; sourceTree = "<group>"; };
		596A86252B484BB900DA4949 /* CategoryCollectionViewCellVM.swift */ = {isa = PBXFileReference; lastKnownFileType = sourcecode.swift; path = CategoryCollectionViewCellVM.swift; sourceTree = "<group>"; };
		596A86282B48683400DA4949 /* LICENSE.txt */ = {isa = PBXFileReference; fileEncoding = 4; lastKnownFileType = text; path = LICENSE.txt; sourceTree = "<group>"; };
		596A86292B48683400DA4949 /* Roboto-BlackItalic.ttf */ = {isa = PBXFileReference; lastKnownFileType = file; path = "Roboto-BlackItalic.ttf"; sourceTree = "<group>"; };
		596A862A2B48683400DA4949 /* Roboto-ThinItalic.ttf */ = {isa = PBXFileReference; lastKnownFileType = file; path = "Roboto-ThinItalic.ttf"; sourceTree = "<group>"; };
		596A862B2B48683400DA4949 /* Roboto-LightItalic.ttf */ = {isa = PBXFileReference; lastKnownFileType = file; path = "Roboto-LightItalic.ttf"; sourceTree = "<group>"; };
		596A862C2B48683400DA4949 /* Roboto-Thin.ttf */ = {isa = PBXFileReference; lastKnownFileType = file; path = "Roboto-Thin.ttf"; sourceTree = "<group>"; };
		596A862D2B48683400DA4949 /* Roboto-MediumItalic.ttf */ = {isa = PBXFileReference; lastKnownFileType = file; path = "Roboto-MediumItalic.ttf"; sourceTree = "<group>"; };
		596A862E2B48683400DA4949 /* Roboto-Italic.ttf */ = {isa = PBXFileReference; lastKnownFileType = file; path = "Roboto-Italic.ttf"; sourceTree = "<group>"; };
		596A862F2B48683400DA4949 /* Roboto-Medium.ttf */ = {isa = PBXFileReference; lastKnownFileType = file; path = "Roboto-Medium.ttf"; sourceTree = "<group>"; };
		596A86302B48683400DA4949 /* Roboto-Bold.ttf */ = {isa = PBXFileReference; lastKnownFileType = file; path = "Roboto-Bold.ttf"; sourceTree = "<group>"; };
		596A86312B48683400DA4949 /* Roboto-Black.ttf */ = {isa = PBXFileReference; lastKnownFileType = file; path = "Roboto-Black.ttf"; sourceTree = "<group>"; };
		596A86322B48683400DA4949 /* Roboto-BoldItalic.ttf */ = {isa = PBXFileReference; lastKnownFileType = file; path = "Roboto-BoldItalic.ttf"; sourceTree = "<group>"; };
		596A86332B48683400DA4949 /* Roboto-Regular.ttf */ = {isa = PBXFileReference; lastKnownFileType = file; path = "Roboto-Regular.ttf"; sourceTree = "<group>"; };
		596A86342B48683400DA4949 /* Roboto-Light.ttf */ = {isa = PBXFileReference; lastKnownFileType = file; path = "Roboto-Light.ttf"; sourceTree = "<group>"; };
		596A86472B486A7700DA4949 /* CategoriesViewController.swift */ = {isa = PBXFileReference; lastKnownFileType = sourcecode.swift; path = CategoriesViewController.swift; sourceTree = "<group>"; };
		596A86492B486AE100DA4949 /* CategoriesViewModel.swift */ = {isa = PBXFileReference; lastKnownFileType = sourcecode.swift; path = CategoriesViewModel.swift; sourceTree = "<group>"; };
		596A864B2B486B3B00DA4949 /* CategoriesListCollectionViewCell.swift */ = {isa = PBXFileReference; lastKnownFileType = sourcecode.swift; path = CategoriesListCollectionViewCell.swift; sourceTree = "<group>"; };
		5999247F2B528B3D002E0DCB /* UIViewController + Extension.swift */ = {isa = PBXFileReference; lastKnownFileType = sourcecode.swift; path = "UIViewController + Extension.swift"; sourceTree = "<group>"; };
		599924812B5293D1002E0DCB /* UIString + Extension.swift */ = {isa = PBXFileReference; lastKnownFileType = sourcecode.swift; path = "UIString + Extension.swift"; sourceTree = "<group>"; };
		599924832B5293FF002E0DCB /* CardFormatter.swift */ = {isa = PBXFileReference; lastKnownFileType = sourcecode.swift; path = CardFormatter.swift; sourceTree = "<group>"; };
		599924852B5296FF002E0DCB /* UItextField + Extension.swift */ = {isa = PBXFileReference; lastKnownFileType = sourcecode.swift; path = "UItextField + Extension.swift"; sourceTree = "<group>"; };
		599924872B52AB65002E0DCB /* OrdersViewController.swift */ = {isa = PBXFileReference; lastKnownFileType = sourcecode.swift; path = OrdersViewController.swift; sourceTree = "<group>"; };
		599924892B52ABD2002E0DCB /* OrdersTableViewCell.swift */ = {isa = PBXFileReference; lastKnownFileType = sourcecode.swift; path = OrdersTableViewCell.swift; sourceTree = "<group>"; };
		5999248B2B52AC48002E0DCB /* OrdersCollectionViewCell.swift */ = {isa = PBXFileReference; lastKnownFileType = sourcecode.swift; path = OrdersCollectionViewCell.swift; sourceTree = "<group>"; };
		5999248D2B52ACD9002E0DCB /* OrdersViewControllerVM.swift */ = {isa = PBXFileReference; lastKnownFileType = sourcecode.swift; path = OrdersViewControllerVM.swift; sourceTree = "<group>"; };
		5999248F2B52AD9C002E0DCB /* OrdersTableViewCellVM.swift */ = {isa = PBXFileReference; lastKnownFileType = sourcecode.swift; path = OrdersTableViewCellVM.swift; sourceTree = "<group>"; };
		599924912B52C4E1002E0DCB /* OrdersCollectionViewCellVM.swift */ = {isa = PBXFileReference; lastKnownFileType = sourcecode.swift; path = OrdersCollectionViewCellVM.swift; sourceTree = "<group>"; };
		599924932B52EDCF002E0DCB /* OrderDetailsViewController.swift */ = {isa = PBXFileReference; lastKnownFileType = sourcecode.swift; path = OrderDetailsViewController.swift; sourceTree = "<group>"; };
		599924952B52EEAC002E0DCB /* OrderInfoTableViewCell.swift */ = {isa = PBXFileReference; lastKnownFileType = sourcecode.swift; path = OrderInfoTableViewCell.swift; sourceTree = "<group>"; };
		599924972B52F06B002E0DCB /* OrderDetailsViewControllerVM.swift */ = {isa = PBXFileReference; lastKnownFileType = sourcecode.swift; path = OrderDetailsViewControllerVM.swift; sourceTree = "<group>"; };
		599924992B52F226002E0DCB /* OrderInfoTableViewCellVM.swift */ = {isa = PBXFileReference; lastKnownFileType = sourcecode.swift; path = OrderInfoTableViewCellVM.swift; sourceTree = "<group>"; };
		5999249B2B558EF8002E0DCB /* WishListViewController.swift */ = {isa = PBXFileReference; lastKnownFileType = sourcecode.swift; path = WishListViewController.swift; sourceTree = "<group>"; };
		5999249D2B558F81002E0DCB /* WishListViewControllerVM.swift */ = {isa = PBXFileReference; lastKnownFileType = sourcecode.swift; path = WishListViewControllerVM.swift; sourceTree = "<group>"; };
		5999249F2B559F9F002E0DCB /* CardListViewController.swift */ = {isa = PBXFileReference; lastKnownFileType = sourcecode.swift; path = CardListViewController.swift; sourceTree = "<group>"; };
		599924A12B559FE9002E0DCB /* CardViewTableViewCell.swift */ = {isa = PBXFileReference; lastKnownFileType = sourcecode.swift; path = CardViewTableViewCell.swift; sourceTree = "<group>"; };
		599924A32B55A05F002E0DCB /* AddCardTableViewCell.swift */ = {isa = PBXFileReference; lastKnownFileType = sourcecode.swift; path = AddCardTableViewCell.swift; sourceTree = "<group>"; };
		599924A52B55A9DA002E0DCB /* ReferViewController.swift */ = {isa = PBXFileReference; lastKnownFileType = sourcecode.swift; path = ReferViewController.swift; sourceTree = "<group>"; };
		599924A72B55B13C002E0DCB /* SettingsViewController.swift */ = {isa = PBXFileReference; lastKnownFileType = sourcecode.swift; path = SettingsViewController.swift; sourceTree = "<group>"; };
		599924A92B55B1AB002E0DCB /* SettingsTableViewCell.swift */ = {isa = PBXFileReference; lastKnownFileType = sourcecode.swift; path = SettingsTableViewCell.swift; sourceTree = "<group>"; };
		599924AB2B55B225002E0DCB /* SettingsViewControllerVM.swift */ = {isa = PBXFileReference; lastKnownFileType = sourcecode.swift; path = SettingsViewControllerVM.swift; sourceTree = "<group>"; };
		599924AD2B55B595002E0DCB /* SettingsTableViewCellVM.swift */ = {isa = PBXFileReference; lastKnownFileType = sourcecode.swift; path = SettingsTableViewCellVM.swift; sourceTree = "<group>"; };
		59A303692B4DB0C2003E2225 /* CheckoutViewController.swift */ = {isa = PBXFileReference; lastKnownFileType = sourcecode.swift; path = CheckoutViewController.swift; sourceTree = "<group>"; };
		59A3036B2B4DB22B003E2225 /* CardTableViewCell.swift */ = {isa = PBXFileReference; lastKnownFileType = sourcecode.swift; path = CardTableViewCell.swift; sourceTree = "<group>"; };
		59A3036D2B4DB27B003E2225 /* BillInfoTableViewCell.swift */ = {isa = PBXFileReference; lastKnownFileType = sourcecode.swift; path = BillInfoTableViewCell.swift; sourceTree = "<group>"; };
		59A3036F2B4DB362003E2225 /* CardTableViewCellVM.swift */ = {isa = PBXFileReference; lastKnownFileType = sourcecode.swift; path = CardTableViewCellVM.swift; sourceTree = "<group>"; };
		59A303712B4DB4CA003E2225 /* BillInfoTableViewCellVM.swift */ = {isa = PBXFileReference; lastKnownFileType = sourcecode.swift; path = BillInfoTableViewCellVM.swift; sourceTree = "<group>"; };
		59A303732B4DB697003E2225 /* CheckoutViewControllerVM.swift */ = {isa = PBXFileReference; lastKnownFileType = sourcecode.swift; path = CheckoutViewControllerVM.swift; sourceTree = "<group>"; };
		59ABD8B32B45A612004AA88C /* Store Front-Sellacha.app */ = {isa = PBXFileReference; explicitFileType = wrapper.application; includeInIndex = 0; path = "Store Front-Sellacha.app"; sourceTree = BUILT_PRODUCTS_DIR; };
		59ABD8B62B45A612004AA88C /* AppDelegate.swift */ = {isa = PBXFileReference; lastKnownFileType = sourcecode.swift; path = AppDelegate.swift; sourceTree = "<group>"; };
		59ABD8B82B45A612004AA88C /* SceneDelegate.swift */ = {isa = PBXFileReference; lastKnownFileType = sourcecode.swift; path = SceneDelegate.swift; sourceTree = "<group>"; };
		59ABD8BA2B45A612004AA88C /* ViewController.swift */ = {isa = PBXFileReference; lastKnownFileType = sourcecode.swift; path = ViewController.swift; sourceTree = "<group>"; };
		59ABD8BD2B45A612004AA88C /* Base */ = {isa = PBXFileReference; lastKnownFileType = file.storyboard; name = Base; path = Base.lproj/Main.storyboard; sourceTree = "<group>"; };
		59ABD8BF2B45A614004AA88C /* Assets.xcassets */ = {isa = PBXFileReference; lastKnownFileType = folder.assetcatalog; path = Assets.xcassets; sourceTree = "<group>"; };
		59ABD8C22B45A614004AA88C /* Base */ = {isa = PBXFileReference; lastKnownFileType = file.storyboard; name = Base; path = Base.lproj/LaunchScreen.storyboard; sourceTree = "<group>"; };
		59ABD8C42B45A614004AA88C /* Info.plist */ = {isa = PBXFileReference; lastKnownFileType = text.plist.xml; path = Info.plist; sourceTree = "<group>"; };
		59ABD8C92B45A614004AA88C /* Store Front-SellachaTests.xctest */ = {isa = PBXFileReference; explicitFileType = wrapper.cfbundle; includeInIndex = 0; path = "Store Front-SellachaTests.xctest"; sourceTree = BUILT_PRODUCTS_DIR; };
		59ABD8CD2B45A614004AA88C /* Store_Front_SellachaTests.swift */ = {isa = PBXFileReference; lastKnownFileType = sourcecode.swift; path = Store_Front_SellachaTests.swift; sourceTree = "<group>"; };
		59ABD8D32B45A614004AA88C /* Store Front-SellachaUITests.xctest */ = {isa = PBXFileReference; explicitFileType = wrapper.cfbundle; includeInIndex = 0; path = "Store Front-SellachaUITests.xctest"; sourceTree = BUILT_PRODUCTS_DIR; };
		59ABD8D72B45A614004AA88C /* Store_Front_SellachaUITests.swift */ = {isa = PBXFileReference; lastKnownFileType = sourcecode.swift; path = Store_Front_SellachaUITests.swift; sourceTree = "<group>"; };
		59ABD8D92B45A614004AA88C /* Store_Front_SellachaUITestsLaunchTests.swift */ = {isa = PBXFileReference; lastKnownFileType = sourcecode.swift; path = Store_Front_SellachaUITestsLaunchTests.swift; sourceTree = "<group>"; };
		59BE8D3C2B488E2800697464 /* AccountsViewController.swift */ = {isa = PBXFileReference; lastKnownFileType = sourcecode.swift; path = AccountsViewController.swift; sourceTree = "<group>"; };
		59C5D07A2B45ABAD00BF841E /* Networks */ = {isa = PBXFileReference; lastKnownFileType = folder; path = Networks; sourceTree = "<group>"; };
		59D1B7982B4DCA36000CAAAD /* AddressFilledTableViewCell.swift */ = {isa = PBXFileReference; lastKnownFileType = sourcecode.swift; path = AddressFilledTableViewCell.swift; sourceTree = "<group>"; };
		59D1B79A2B4DCC12000CAAAD /* CardFilledTableViewCell.swift */ = {isa = PBXFileReference; lastKnownFileType = sourcecode.swift; path = CardFilledTableViewCell.swift; sourceTree = "<group>"; };
		59D1B79C2B4DCC92000CAAAD /* AddressViewController.swift */ = {isa = PBXFileReference; lastKnownFileType = sourcecode.swift; path = AddressViewController.swift; sourceTree = "<group>"; };
		59D1B79E2B4DCD77000CAAAD /* CardsViewController.swift */ = {isa = PBXFileReference; lastKnownFileType = sourcecode.swift; path = CardsViewController.swift; sourceTree = "<group>"; };
		59D1B7A02B4DD160000CAAAD /* CompletionViewController.swift */ = {isa = PBXFileReference; lastKnownFileType = sourcecode.swift; path = CompletionViewController.swift; sourceTree = "<group>"; };
		59D1B7A22B4DD615000CAAAD /* CardFilledTableViewCellVm.swift */ = {isa = PBXFileReference; lastKnownFileType = sourcecode.swift; path = CardFilledTableViewCellVm.swift; sourceTree = "<group>"; };
		59D1B7A42B4DD671000CAAAD /* AddressFilledTableViewCellVM.swift */ = {isa = PBXFileReference; lastKnownFileType = sourcecode.swift; path = AddressFilledTableViewCellVM.swift; sourceTree = "<group>"; };
		59D1B7A62B4DD7B0000CAAAD /* AddressViewModel.swift */ = {isa = PBXFileReference; lastKnownFileType = sourcecode.swift; path = AddressViewModel.swift; sourceTree = "<group>"; };
		59D1B7A82B4DD7E4000CAAAD /* CardsViewModel.swift */ = {isa = PBXFileReference; lastKnownFileType = sourcecode.swift; path = CardsViewModel.swift; sourceTree = "<group>"; };
		59DF3B232B62DC0B00719EEF /* SignupViewController.swift */ = {isa = PBXFileReference; lastKnownFileType = sourcecode.swift; path = SignupViewController.swift; sourceTree = "<group>"; };
		59DF3B282B62DC9B00719EEF /* SignupViewModel.swift */ = {isa = PBXFileReference; lastKnownFileType = sourcecode.swift; path = SignupViewModel.swift; sourceTree = "<group>"; };
		59DF3B2A2B62DF6E00719EEF /* LoginOrSignUpViewController.swift */ = {isa = PBXFileReference; lastKnownFileType = sourcecode.swift; path = LoginOrSignUpViewController.swift; sourceTree = "<group>"; };
		59DF3B2C2B62E18300719EEF /* SignInViewController.swift */ = {isa = PBXFileReference; lastKnownFileType = sourcecode.swift; path = SignInViewController.swift; sourceTree = "<group>"; };
		59DF3B2E2B62E56C00719EEF /* SignInViewModel.swift */ = {isa = PBXFileReference; lastKnownFileType = sourcecode.swift; path = SignInViewModel.swift; sourceTree = "<group>"; };
		901ED4AF698C3CFD18A40A6B /* Pods_Store_Front_Sellacha.framework */ = {isa = PBXFileReference; explicitFileType = wrapper.framework; includeInIndex = 0; path = Pods_Store_Front_Sellacha.framework; sourceTree = BUILT_PRODUCTS_DIR; };
		ECDD5B775A5C37EAC1BB9747 /* Pods-Store Front-Sellacha.release.xcconfig */ = {isa = PBXFileReference; includeInIndex = 1; lastKnownFileType = text.xcconfig; name = "Pods-Store Front-Sellacha.release.xcconfig"; path = "Target Support Files/Pods-Store Front-Sellacha/Pods-Store Front-Sellacha.release.xcconfig"; sourceTree = "<group>"; };
/* End PBXFileReference section */

/* Begin PBXFrameworksBuildPhase section */
		59ABD8B02B45A612004AA88C /* Frameworks */ = {
			isa = PBXFrameworksBuildPhase;
			buildActionMask = 2147483647;
			files = (
				74F10E4476D749EA0151B741 /* Pods_Store_Front_Sellacha.framework in Frameworks */,
			);
			runOnlyForDeploymentPostprocessing = 0;
		};
		59ABD8C62B45A614004AA88C /* Frameworks */ = {
			isa = PBXFrameworksBuildPhase;
			buildActionMask = 2147483647;
			files = (
			);
			runOnlyForDeploymentPostprocessing = 0;
		};
		59ABD8D02B45A614004AA88C /* Frameworks */ = {
			isa = PBXFrameworksBuildPhase;
			buildActionMask = 2147483647;
			files = (
			);
			runOnlyForDeploymentPostprocessing = 0;
		};
/* End PBXFrameworksBuildPhase section */

/* Begin PBXGroup section */
		59292BDF2B4996AE0021C4D1 /* Cart */ = {
			isa = PBXGroup;
			children = (
				59292BE32B4998360021C4D1 /* Cell */,
				59292BE22B4998260021C4D1 /* Model */,
				59292BE12B4998180021C4D1 /* ViewModel */,
				59292BE02B4998120021C4D1 /* View */,
			);
			path = Cart;
			sourceTree = "<group>";
		};
		59292BE02B4998120021C4D1 /* View */ = {
			isa = PBXGroup;
			children = (
				59292BE42B4998460021C4D1 /* CartViewController.swift */,
				59A303692B4DB0C2003E2225 /* CheckoutViewController.swift */,
				59D1B79C2B4DCC92000CAAAD /* AddressViewController.swift */,
				59D1B79E2B4DCD77000CAAAD /* CardsViewController.swift */,
				59D1B7A02B4DD160000CAAAD /* CompletionViewController.swift */,
				599924832B5293FF002E0DCB /* CardFormatter.swift */,
			);
			path = View;
			sourceTree = "<group>";
		};
		59292BE12B4998180021C4D1 /* ViewModel */ = {
			isa = PBXGroup;
			children = (
				59292BE82B4999F60021C4D1 /* CartTableViewCellVM.swift */,
				59292BEA2B499A080021C4D1 /* CartViewModel.swift */,
				59A3036F2B4DB362003E2225 /* CardTableViewCellVM.swift */,
				59A303712B4DB4CA003E2225 /* BillInfoTableViewCellVM.swift */,
				59A303732B4DB697003E2225 /* CheckoutViewControllerVM.swift */,
				59D1B7A22B4DD615000CAAAD /* CardFilledTableViewCellVm.swift */,
				59D1B7A42B4DD671000CAAAD /* AddressFilledTableViewCellVM.swift */,
				59D1B7A62B4DD7B0000CAAAD /* AddressViewModel.swift */,
				59D1B7A82B4DD7E4000CAAAD /* CardsViewModel.swift */,
			);
			path = ViewModel;
			sourceTree = "<group>";
		};
		59292BE22B4998260021C4D1 /* Model */ = {
			isa = PBXGroup;
			children = (
			);
			path = Model;
			sourceTree = "<group>";
		};
		59292BE32B4998360021C4D1 /* Cell */ = {
			isa = PBXGroup;
			children = (
				59292BE62B4999530021C4D1 /* CartTableViewCell.swift */,
				59A3036B2B4DB22B003E2225 /* CardTableViewCell.swift */,
				59A3036D2B4DB27B003E2225 /* BillInfoTableViewCell.swift */,
				59D1B7982B4DCA36000CAAAD /* AddressFilledTableViewCell.swift */,
				59D1B79A2B4DCC12000CAAAD /* CardFilledTableViewCell.swift */,
			);
			path = Cell;
			sourceTree = "<group>";
		};
		596A860E2B48454400DA4949 /* Model */ = {
			isa = PBXGroup;
			children = (
			);
			path = Model;
			sourceTree = "<group>";
		};
		596A860F2B48454C00DA4949 /* ViewModel */ = {
			isa = PBXGroup;
			children = (
				596A86102B48456F00DA4949 /* HomeViewModel.swift */,
				596A86172B48481100DA4949 /* WelcomeTableViewCellVM.swift */,
				596A86232B484B3300DA4949 /* CategoryTableViewCellVM.swift */,
				596A86192B48485400DA4949 /* OffersCollectionViewCellVM.swift */,
				596A86252B484BB900DA4949 /* CategoryCollectionViewCellVM.swift */,
			);
			path = ViewModel;
			sourceTree = "<group>";
		};
		596A86142B4847A700DA4949 /* Cell */ = {
			isa = PBXGroup;
			children = (
				596A86152B4847C600DA4949 /* WelcomeTableViewCell.swift */,
				596A861B2B48488C00DA4949 /* OffersCollectionViewCell.swift */,
				596A861F2B484A8400DA4949 /* CategoryCollectionViewCell.swift */,
				596A86212B484A9B00DA4949 /* CategoryTableViewCell.swift */,
			);
			path = Cell;
			sourceTree = "<group>";
		};
		596A86272B4867F900DA4949 /* RobotoFont */ = {
			isa = PBXGroup;
			children = (
				596A86282B48683400DA4949 /* LICENSE.txt */,
				596A86312B48683400DA4949 /* Roboto-Black.ttf */,
				596A86292B48683400DA4949 /* Roboto-BlackItalic.ttf */,
				596A86302B48683400DA4949 /* Roboto-Bold.ttf */,
				596A86322B48683400DA4949 /* Roboto-BoldItalic.ttf */,
				596A862E2B48683400DA4949 /* Roboto-Italic.ttf */,
				596A86342B48683400DA4949 /* Roboto-Light.ttf */,
				596A862B2B48683400DA4949 /* Roboto-LightItalic.ttf */,
				596A862F2B48683400DA4949 /* Roboto-Medium.ttf */,
				596A862D2B48683400DA4949 /* Roboto-MediumItalic.ttf */,
				596A86332B48683400DA4949 /* Roboto-Regular.ttf */,
				596A862C2B48683400DA4949 /* Roboto-Thin.ttf */,
				596A862A2B48683400DA4949 /* Roboto-ThinItalic.ttf */,
			);
			path = RobotoFont;
			sourceTree = "<group>";
		};
		596A86422B486A3000DA4949 /* Categories */ = {
			isa = PBXGroup;
			children = (
				596A86462B486A4F00DA4949 /* Cell */,
				596A86452B486A4700DA4949 /* Model */,
				596A86442B486A4000DA4949 /* ViewModel */,
				596A86432B486A3A00DA4949 /* View */,
			);
			path = Categories;
			sourceTree = "<group>";
		};
		596A86432B486A3A00DA4949 /* View */ = {
			isa = PBXGroup;
			children = (
				596A86472B486A7700DA4949 /* CategoriesViewController.swift */,
			);
			path = View;
			sourceTree = "<group>";
		};
		596A86442B486A4000DA4949 /* ViewModel */ = {
			isa = PBXGroup;
			children = (
				596A86492B486AE100DA4949 /* CategoriesViewModel.swift */,
			);
			path = ViewModel;
			sourceTree = "<group>";
		};
		596A86452B486A4700DA4949 /* Model */ = {
			isa = PBXGroup;
			children = (
			);
			path = Model;
			sourceTree = "<group>";
		};
		596A86462B486A4F00DA4949 /* Cell */ = {
			isa = PBXGroup;
			children = (
				596A864B2B486B3B00DA4949 /* CategoriesListCollectionViewCell.swift */,
			);
			path = Cell;
			sourceTree = "<group>";
		};
		59ABD8AA2B45A612004AA88C = {
			isa = PBXGroup;
			children = (
				59ABD8B52B45A612004AA88C /* Store Front-Sellacha */,
				59ABD8CC2B45A614004AA88C /* Store Front-SellachaTests */,
				59ABD8D62B45A614004AA88C /* Store Front-SellachaUITests */,
				59ABD8B42B45A612004AA88C /* Products */,
				69CB969FA6499542BA299B27 /* Pods */,
				E2C60D368D0464143CBA6030 /* Frameworks */,
			);
			sourceTree = "<group>";
		};
		59ABD8B42B45A612004AA88C /* Products */ = {
			isa = PBXGroup;
			children = (
				59ABD8B32B45A612004AA88C /* Store Front-Sellacha.app */,
				59ABD8C92B45A614004AA88C /* Store Front-SellachaTests.xctest */,
				59ABD8D32B45A614004AA88C /* Store Front-SellachaUITests.xctest */,
			);
			name = Products;
			sourceTree = "<group>";
		};
		59ABD8B52B45A612004AA88C /* Store Front-Sellacha */ = {
			isa = PBXGroup;
			children = (
				59DF3B222B62DBAD00719EEF /* Login */,
				59292BDF2B4996AE0021C4D1 /* Cart */,
				59BE8D372B48871300697464 /* Accounts */,
				596A86422B486A3000DA4949 /* Categories */,
				59B3684D2B471A9300BD2F8B /* Home */,
				59C5D07C2B45BA6400BF841E /* Helper */,
				59C5D07A2B45ABAD00BF841E /* Networks */,
				59ABD8B62B45A612004AA88C /* AppDelegate.swift */,
				59ABD8B82B45A612004AA88C /* SceneDelegate.swift */,
				59ABD8BA2B45A612004AA88C /* ViewController.swift */,
				59ABD8BC2B45A612004AA88C /* Main.storyboard */,
				59ABD8BF2B45A614004AA88C /* Assets.xcassets */,
				59ABD8C12B45A614004AA88C /* LaunchScreen.storyboard */,
				59ABD8C42B45A614004AA88C /* Info.plist */,
				596A86122B4845CF00DA4949 /* BaseViewModel.swift */,
				59292BF02B49DE070021C4D1 /* HomeTabbarController.swift */,
			);
			path = "Store Front-Sellacha";
			sourceTree = "<group>";
		};
		59ABD8CC2B45A614004AA88C /* Store Front-SellachaTests */ = {
			isa = PBXGroup;
			children = (
				59ABD8CD2B45A614004AA88C /* Store_Front_SellachaTests.swift */,
			);
			path = "Store Front-SellachaTests";
			sourceTree = "<group>";
		};
		59ABD8D62B45A614004AA88C /* Store Front-SellachaUITests */ = {
			isa = PBXGroup;
			children = (
				59ABD8D72B45A614004AA88C /* Store_Front_SellachaUITests.swift */,
				59ABD8D92B45A614004AA88C /* Store_Front_SellachaUITestsLaunchTests.swift */,
			);
			path = "Store Front-SellachaUITests";
			sourceTree = "<group>";
		};
		59B3684D2B471A9300BD2F8B /* Home */ = {
			isa = PBXGroup;
			children = (
				596A86142B4847A700DA4949 /* Cell */,
				596A860F2B48454C00DA4949 /* ViewModel */,
				596A860E2B48454400DA4949 /* Model */,
				596A860C2B48446400DA4949 /* HomeViewController.swift */,
			);
			path = Home;
			sourceTree = "<group>";
		};
		59BE8D372B48871300697464 /* Accounts */ = {
			isa = PBXGroup;
			children = (
				59BE8D3B2B48873C00697464 /* Cell */,
				59BE8D3A2B48873400697464 /* Model */,
				59BE8D392B48872900697464 /* ViewModel */,
				59BE8D382B48872200697464 /* View */,
			);
			path = Accounts;
			sourceTree = "<group>";
		};
		59BE8D382B48872200697464 /* View */ = {
			isa = PBXGroup;
			children = (
				59BE8D3C2B488E2800697464 /* AccountsViewController.swift */,
				599924872B52AB65002E0DCB /* OrdersViewController.swift */,
				599924932B52EDCF002E0DCB /* OrderDetailsViewController.swift */,
				5999249B2B558EF8002E0DCB /* WishListViewController.swift */,
				5999249F2B559F9F002E0DCB /* CardListViewController.swift */,
				599924A52B55A9DA002E0DCB /* ReferViewController.swift */,
				599924A72B55B13C002E0DCB /* SettingsViewController.swift */,
				5958B9422B585CF2009B7719 /* HelpViewController.swift */,
				5958B9462B586024009B7719 /* TermsAndConditionViewController.swift */,
			);
			path = View;
			sourceTree = "<group>";
		};
		59BE8D392B48872900697464 /* ViewModel */ = {
			isa = PBXGroup;
			children = (
				59292BF42B49E1330021C4D1 /* AccountsViewModel.swift */,
				5999248D2B52ACD9002E0DCB /* OrdersViewControllerVM.swift */,
				5999248F2B52AD9C002E0DCB /* OrdersTableViewCellVM.swift */,
				599924912B52C4E1002E0DCB /* OrdersCollectionViewCellVM.swift */,
				599924972B52F06B002E0DCB /* OrderDetailsViewControllerVM.swift */,
				599924992B52F226002E0DCB /* OrderInfoTableViewCellVM.swift */,
				5999249D2B558F81002E0DCB /* WishListViewControllerVM.swift */,
				599924AB2B55B225002E0DCB /* SettingsViewControllerVM.swift */,
				599924AD2B55B595002E0DCB /* SettingsTableViewCellVM.swift */,
			);
			path = ViewModel;
			sourceTree = "<group>";
		};
		59BE8D3A2B48873400697464 /* Model */ = {
			isa = PBXGroup;
			children = (
			);
			path = Model;
			sourceTree = "<group>";
		};
		59BE8D3B2B48873C00697464 /* Cell */ = {
			isa = PBXGroup;
			children = (
				599924892B52ABD2002E0DCB /* OrdersTableViewCell.swift */,
				5999248B2B52AC48002E0DCB /* OrdersCollectionViewCell.swift */,
				599924952B52EEAC002E0DCB /* OrderInfoTableViewCell.swift */,
				599924A12B559FE9002E0DCB /* CardViewTableViewCell.swift */,
				599924A32B55A05F002E0DCB /* AddCardTableViewCell.swift */,
				599924A92B55B1AB002E0DCB /* SettingsTableViewCell.swift */,
				5958B9442B585DB8009B7719 /* FAQTableViewCell.swift */,
			);
			path = Cell;
			sourceTree = "<group>";
		};
		59C5D07C2B45BA6400BF841E /* Helper */ = {
			isa = PBXGroup;
			children = (
				59C5D07D2B45BA6B00BF841E /* Font */,
				596A861D2B4848E100DA4949 /* UIImageView + Extension.swift */,
				59292BEC2B49DA6F0021C4D1 /* CommonConfig.swift */,
				593BE3182B4A88470053CB62 /* UILabel + Extension.swift */,
				599924852B5296FF002E0DCB /* UItextField + Extension.swift */,
			);
			path = Helper;
			sourceTree = "<group>";
		};
		59C5D07D2B45BA6B00BF841E /* Font */ = {
			isa = PBXGroup;
			children = (
				596A86272B4867F900DA4949 /* RobotoFont */,
				5999247F2B528B3D002E0DCB /* UIViewController + Extension.swift */,
				599924812B5293D1002E0DCB /* UIString + Extension.swift */,
			);
			path = Font;
			sourceTree = "<group>";
		};
		59DF3B222B62DBAD00719EEF /* Login */ = {
			isa = PBXGroup;
			children = (
				59DF3B272B62DC7A00719EEF /* ViewModel */,
				59DF3B262B62DC7300719EEF /* Model */,
				59DF3B252B62DC6C00719EEF /* Cell */,
				59DF3B232B62DC0B00719EEF /* SignupViewController.swift */,
				59DF3B2A2B62DF6E00719EEF /* LoginOrSignUpViewController.swift */,
				59DF3B2C2B62E18300719EEF /* SignInViewController.swift */,
			);
			path = Login;
			sourceTree = "<group>";
		};
		59DF3B252B62DC6C00719EEF /* Cell */ = {
			isa = PBXGroup;
			children = (
			);
			path = Cell;
			sourceTree = "<group>";
		};
		59DF3B262B62DC7300719EEF /* Model */ = {
			isa = PBXGroup;
			children = (
			);
			path = Model;
			sourceTree = "<group>";
		};
		59DF3B272B62DC7A00719EEF /* ViewModel */ = {
			isa = PBXGroup;
			children = (
				59DF3B282B62DC9B00719EEF /* SignupViewModel.swift */,
				59DF3B2E2B62E56C00719EEF /* SignInViewModel.swift */,
			);
			path = ViewModel;
			sourceTree = "<group>";
		};
		69CB969FA6499542BA299B27 /* Pods */ = {
			isa = PBXGroup;
			children = (
				11C2FD65DBD35B932505F4F2 /* Pods-Store Front-Sellacha.debug.xcconfig */,
				ECDD5B775A5C37EAC1BB9747 /* Pods-Store Front-Sellacha.release.xcconfig */,
			);
			path = Pods;
			sourceTree = "<group>";
		};
		E2C60D368D0464143CBA6030 /* Frameworks */ = {
			isa = PBXGroup;
			children = (
				901ED4AF698C3CFD18A40A6B /* Pods_Store_Front_Sellacha.framework */,
			);
			name = Frameworks;
			sourceTree = "<group>";
		};
/* End PBXGroup section */

/* Begin PBXNativeTarget section */
		59ABD8B22B45A612004AA88C /* Store Front-Sellacha */ = {
			isa = PBXNativeTarget;
			buildConfigurationList = 59ABD8DD2B45A614004AA88C /* Build configuration list for PBXNativeTarget "Store Front-Sellacha" */;
			buildPhases = (
				2C268E6C2964A3010422ED57 /* [CP] Check Pods Manifest.lock */,
				59ABD8AF2B45A612004AA88C /* Sources */,
				59ABD8B02B45A612004AA88C /* Frameworks */,
				59ABD8B12B45A612004AA88C /* Resources */,
				0DE2E9A4330A8D353C7DC8A8 /* [CP] Embed Pods Frameworks */,
			);
			buildRules = (
			);
			dependencies = (
			);
			name = "Store Front-Sellacha";
			productName = "Store Front-Sellacha";
			productReference = 59ABD8B32B45A612004AA88C /* Store Front-Sellacha.app */;
			productType = "com.apple.product-type.application";
		};
		59ABD8C82B45A614004AA88C /* Store Front-SellachaTests */ = {
			isa = PBXNativeTarget;
			buildConfigurationList = 59ABD8E02B45A614004AA88C /* Build configuration list for PBXNativeTarget "Store Front-SellachaTests" */;
			buildPhases = (
				59ABD8C52B45A614004AA88C /* Sources */,
				59ABD8C62B45A614004AA88C /* Frameworks */,
				59ABD8C72B45A614004AA88C /* Resources */,
			);
			buildRules = (
			);
			dependencies = (
				59ABD8CB2B45A614004AA88C /* PBXTargetDependency */,
			);
			name = "Store Front-SellachaTests";
			productName = "Store Front-SellachaTests";
			productReference = 59ABD8C92B45A614004AA88C /* Store Front-SellachaTests.xctest */;
			productType = "com.apple.product-type.bundle.unit-test";
		};
		59ABD8D22B45A614004AA88C /* Store Front-SellachaUITests */ = {
			isa = PBXNativeTarget;
			buildConfigurationList = 59ABD8E32B45A614004AA88C /* Build configuration list for PBXNativeTarget "Store Front-SellachaUITests" */;
			buildPhases = (
				59ABD8CF2B45A614004AA88C /* Sources */,
				59ABD8D02B45A614004AA88C /* Frameworks */,
				59ABD8D12B45A614004AA88C /* Resources */,
			);
			buildRules = (
			);
			dependencies = (
				59ABD8D52B45A614004AA88C /* PBXTargetDependency */,
			);
			name = "Store Front-SellachaUITests";
			productName = "Store Front-SellachaUITests";
			productReference = 59ABD8D32B45A614004AA88C /* Store Front-SellachaUITests.xctest */;
			productType = "com.apple.product-type.bundle.ui-testing";
		};
/* End PBXNativeTarget section */

/* Begin PBXProject section */
		59ABD8AB2B45A612004AA88C /* Project object */ = {
			isa = PBXProject;
			attributes = {
				BuildIndependentTargetsInParallel = 1;
				LastSwiftUpdateCheck = 1430;
				LastUpgradeCheck = 1430;
				TargetAttributes = {
					59ABD8B22B45A612004AA88C = {
						CreatedOnToolsVersion = 14.3.1;
					};
					59ABD8C82B45A614004AA88C = {
						CreatedOnToolsVersion = 14.3.1;
						TestTargetID = 59ABD8B22B45A612004AA88C;
					};
					59ABD8D22B45A614004AA88C = {
						CreatedOnToolsVersion = 14.3.1;
						TestTargetID = 59ABD8B22B45A612004AA88C;
					};
				};
			};
			buildConfigurationList = 59ABD8AE2B45A612004AA88C /* Build configuration list for PBXProject "Store Front-Sellacha" */;
			compatibilityVersion = "Xcode 14.0";
			developmentRegion = en;
			hasScannedForEncodings = 0;
			knownRegions = (
				en,
				Base,
			);
			mainGroup = 59ABD8AA2B45A612004AA88C;
			productRefGroup = 59ABD8B42B45A612004AA88C /* Products */;
			projectDirPath = "";
			projectRoot = "";
			targets = (
				59ABD8B22B45A612004AA88C /* Store Front-Sellacha */,
				59ABD8C82B45A614004AA88C /* Store Front-SellachaTests */,
				59ABD8D22B45A614004AA88C /* Store Front-SellachaUITests */,
			);
		};
/* End PBXProject section */

/* Begin PBXResourcesBuildPhase section */
		59ABD8B12B45A612004AA88C /* Resources */ = {
			isa = PBXResourcesBuildPhase;
			buildActionMask = 2147483647;
			files = (
				59ABD8C32B45A614004AA88C /* LaunchScreen.storyboard in Resources */,
				596A863D2B48683400DA4949 /* Roboto-Bold.ttf in Resources */,
				596A86402B48683400DA4949 /* Roboto-Regular.ttf in Resources */,
				596A86362B48683400DA4949 /* Roboto-BlackItalic.ttf in Resources */,
				596A863F2B48683400DA4949 /* Roboto-BoldItalic.ttf in Resources */,
				596A86382B48683400DA4949 /* Roboto-LightItalic.ttf in Resources */,
				59C5D07B2B45ABAD00BF841E /* Networks in Resources */,
				596A86372B48683400DA4949 /* Roboto-ThinItalic.ttf in Resources */,
				59ABD8C02B45A614004AA88C /* Assets.xcassets in Resources */,
				596A863A2B48683400DA4949 /* Roboto-MediumItalic.ttf in Resources */,
				596A86352B48683400DA4949 /* LICENSE.txt in Resources */,
				596A863C2B48683400DA4949 /* Roboto-Medium.ttf in Resources */,
				596A86412B48683400DA4949 /* Roboto-Light.ttf in Resources */,
				59ABD8BE2B45A612004AA88C /* Main.storyboard in Resources */,
				596A863E2B48683400DA4949 /* Roboto-Black.ttf in Resources */,
				596A863B2B48683400DA4949 /* Roboto-Italic.ttf in Resources */,
				596A86392B48683400DA4949 /* Roboto-Thin.ttf in Resources */,
			);
			runOnlyForDeploymentPostprocessing = 0;
		};
		59ABD8C72B45A614004AA88C /* Resources */ = {
			isa = PBXResourcesBuildPhase;
			buildActionMask = 2147483647;
			files = (
			);
			runOnlyForDeploymentPostprocessing = 0;
		};
		59ABD8D12B45A614004AA88C /* Resources */ = {
			isa = PBXResourcesBuildPhase;
			buildActionMask = 2147483647;
			files = (
			);
			runOnlyForDeploymentPostprocessing = 0;
		};
/* End PBXResourcesBuildPhase section */

/* Begin PBXShellScriptBuildPhase section */
		0DE2E9A4330A8D353C7DC8A8 /* [CP] Embed Pods Frameworks */ = {
			isa = PBXShellScriptBuildPhase;
			buildActionMask = 2147483647;
			files = (
			);
			inputFileListPaths = (
				"${PODS_ROOT}/Target Support Files/Pods-Store Front-Sellacha/Pods-Store Front-Sellacha-frameworks-${CONFIGURATION}-input-files.xcfilelist",
			);
			name = "[CP] Embed Pods Frameworks";
			outputFileListPaths = (
				"${PODS_ROOT}/Target Support Files/Pods-Store Front-Sellacha/Pods-Store Front-Sellacha-frameworks-${CONFIGURATION}-output-files.xcfilelist",
			);
			runOnlyForDeploymentPostprocessing = 0;
			shellPath = /bin/sh;
			shellScript = "\"${PODS_ROOT}/Target Support Files/Pods-Store Front-Sellacha/Pods-Store Front-Sellacha-frameworks.sh\"\n";
			showEnvVarsInLog = 0;
		};
		2C268E6C2964A3010422ED57 /* [CP] Check Pods Manifest.lock */ = {
			isa = PBXShellScriptBuildPhase;
			buildActionMask = 2147483647;
			files = (
			);
			inputFileListPaths = (
			);
			inputPaths = (
				"${PODS_PODFILE_DIR_PATH}/Podfile.lock",
				"${PODS_ROOT}/Manifest.lock",
			);
			name = "[CP] Check Pods Manifest.lock";
			outputFileListPaths = (
			);
			outputPaths = (
				"$(DERIVED_FILE_DIR)/Pods-Store Front-Sellacha-checkManifestLockResult.txt",
			);
			runOnlyForDeploymentPostprocessing = 0;
			shellPath = /bin/sh;
			shellScript = "diff \"${PODS_PODFILE_DIR_PATH}/Podfile.lock\" \"${PODS_ROOT}/Manifest.lock\" > /dev/null\nif [ $? != 0 ] ; then\n    # print error to STDERR\n    echo \"error: The sandbox is not in sync with the Podfile.lock. Run 'pod install' or update your CocoaPods installation.\" >&2\n    exit 1\nfi\n# This output is used by Xcode 'outputs' to avoid re-running this script phase.\necho \"SUCCESS\" > \"${SCRIPT_OUTPUT_FILE_0}\"\n";
			showEnvVarsInLog = 0;
		};
/* End PBXShellScriptBuildPhase section */

/* Begin PBXSourcesBuildPhase section */
		59ABD8AF2B45A612004AA88C /* Sources */ = {
			isa = PBXSourcesBuildPhase;
			buildActionMask = 2147483647;
			files = (
				59A303702B4DB362003E2225 /* CardTableViewCellVM.swift in Sources */,
				59292BE72B4999530021C4D1 /* CartTableViewCell.swift in Sources */,
				59ABD8BB2B45A612004AA88C /* ViewController.swift in Sources */,
				596A86182B48481100DA4949 /* WelcomeTableViewCellVM.swift in Sources */,
				59D1B79F2B4DCD77000CAAAD /* CardsViewController.swift in Sources */,
				59D1B7A52B4DD671000CAAAD /* AddressFilledTableViewCellVM.swift in Sources */,
				596A86242B484B3300DA4949 /* CategoryTableViewCellVM.swift in Sources */,
				599924AE2B55B595002E0DCB /* SettingsTableViewCellVM.swift in Sources */,
				596A861E2B4848E100DA4949 /* UIImageView + Extension.swift in Sources */,
				59D1B7A92B4DD7E4000CAAAD /* CardsViewModel.swift in Sources */,
				59DF3B2F2B62E56C00719EEF /* SignInViewModel.swift in Sources */,
				59BE8D3D2B488E2800697464 /* AccountsViewController.swift in Sources */,
				599924AA2B55B1AB002E0DCB /* SettingsTableViewCell.swift in Sources */,
				59292BE92B4999F60021C4D1 /* CartTableViewCellVM.swift in Sources */,
				599924842B5293FF002E0DCB /* CardFormatter.swift in Sources */,
				599924962B52EEAC002E0DCB /* OrderInfoTableViewCell.swift in Sources */,
				599924A62B55A9DA002E0DCB /* ReferViewController.swift in Sources */,
				5999249C2B558EF8002E0DCB /* WishListViewController.swift in Sources */,
				596A861A2B48485400DA4949 /* OffersCollectionViewCellVM.swift in Sources */,
				596A86202B484A8400DA4949 /* CategoryCollectionViewCell.swift in Sources */,
				59D1B79B2B4DCC12000CAAAD /* CardFilledTableViewCell.swift in Sources */,
				599924942B52EDCF002E0DCB /* OrderDetailsViewController.swift in Sources */,
				599924822B5293D1002E0DCB /* UIString + Extension.swift in Sources */,
				59DF3B242B62DC0B00719EEF /* SignupViewController.swift in Sources */,
				5999248E2B52ACD9002E0DCB /* OrdersViewControllerVM.swift in Sources */,
				59292BF12B49DE070021C4D1 /* HomeTabbarController.swift in Sources */,
				59292BEB2B499A080021C4D1 /* CartViewModel.swift in Sources */,
				59D1B7992B4DCA36000CAAAD /* AddressFilledTableViewCell.swift in Sources */,
				59ABD8B72B45A612004AA88C /* AppDelegate.swift in Sources */,
				59A303722B4DB4CA003E2225 /* BillInfoTableViewCellVM.swift in Sources */,
				5958B9472B586024009B7719 /* TermsAndConditionViewController.swift in Sources */,
				59DF3B2D2B62E18300719EEF /* SignInViewController.swift in Sources */,
				59ABD8B92B45A612004AA88C /* SceneDelegate.swift in Sources */,
				5999248C2B52AC48002E0DCB /* OrdersCollectionViewCell.swift in Sources */,
				599924AC2B55B225002E0DCB /* SettingsViewControllerVM.swift in Sources */,
				59DF3B2B2B62DF6E00719EEF /* LoginOrSignUpViewController.swift in Sources */,
				5999248A2B52ABD2002E0DCB /* OrdersTableViewCell.swift in Sources */,
				599924A02B559F9F002E0DCB /* CardListViewController.swift in Sources */,
				5999249E2B558F81002E0DCB /* WishListViewControllerVM.swift in Sources */,
				59D1B7A12B4DD160000CAAAD /* CompletionViewController.swift in Sources */,
				596A86112B48456F00DA4949 /* HomeViewModel.swift in Sources */,
				59A3036C2B4DB22B003E2225 /* CardTableViewCell.swift in Sources */,
				599924922B52C4E1002E0DCB /* OrdersCollectionViewCellVM.swift in Sources */,
				5999249A2B52F226002E0DCB /* OrderInfoTableViewCellVM.swift in Sources */,
				599924802B528B3D002E0DCB /* UIViewController + Extension.swift in Sources */,
				596A860D2B48446400DA4949 /* HomeViewController.swift in Sources */,
				593BE3192B4A88470053CB62 /* UILabel + Extension.swift in Sources */,
				599924902B52AD9C002E0DCB /* OrdersTableViewCellVM.swift in Sources */,
				596A864A2B486AE100DA4949 /* CategoriesViewModel.swift in Sources */,
				599924882B52AB65002E0DCB /* OrdersViewController.swift in Sources */,
				599924982B52F06B002E0DCB /* OrderDetailsViewControllerVM.swift in Sources */,
				599924A42B55A05F002E0DCB /* AddCardTableViewCell.swift in Sources */,
				599924A82B55B13C002E0DCB /* SettingsViewController.swift in Sources */,
				59292BE52B4998460021C4D1 /* CartViewController.swift in Sources */,
				596A86162B4847C600DA4949 /* WelcomeTableViewCell.swift in Sources */,
				59292BF52B49E1330021C4D1 /* AccountsViewModel.swift in Sources */,
				59A3036A2B4DB0C2003E2225 /* CheckoutViewController.swift in Sources */,
				596A86262B484BB900DA4949 /* CategoryCollectionViewCellVM.swift in Sources */,
				59D1B79D2B4DCC92000CAAAD /* AddressViewController.swift in Sources */,
				596A86132B4845CF00DA4949 /* BaseViewModel.swift in Sources */,
				596A864C2B486B3B00DA4949 /* CategoriesListCollectionViewCell.swift in Sources */,
				5958B9452B585DB8009B7719 /* FAQTableViewCell.swift in Sources */,
				59292BED2B49DA6F0021C4D1 /* CommonConfig.swift in Sources */,
				596A86222B484A9B00DA4949 /* CategoryTableViewCell.swift in Sources */,
				596A86482B486A7700DA4949 /* CategoriesViewController.swift in Sources */,
				59D1B7A32B4DD615000CAAAD /* CardFilledTableViewCellVm.swift in Sources */,
				599924A22B559FE9002E0DCB /* CardViewTableViewCell.swift in Sources */,
				599924862B5296FF002E0DCB /* UItextField + Extension.swift in Sources */,
				59DF3B292B62DC9B00719EEF /* SignupViewModel.swift in Sources */,
				59A3036E2B4DB27B003E2225 /* BillInfoTableViewCell.swift in Sources */,
				5958B9432B585CF2009B7719 /* HelpViewController.swift in Sources */,
				596A861C2B48488C00DA4949 /* OffersCollectionViewCell.swift in Sources */,
				59D1B7A72B4DD7B0000CAAAD /* AddressViewModel.swift in Sources */,
				59A303742B4DB697003E2225 /* CheckoutViewControllerVM.swift in Sources */,
			);
			runOnlyForDeploymentPostprocessing = 0;
		};
		59ABD8C52B45A614004AA88C /* Sources */ = {
			isa = PBXSourcesBuildPhase;
			buildActionMask = 2147483647;
			files = (
				59ABD8CE2B45A614004AA88C /* Store_Front_SellachaTests.swift in Sources */,
			);
			runOnlyForDeploymentPostprocessing = 0;
		};
		59ABD8CF2B45A614004AA88C /* Sources */ = {
			isa = PBXSourcesBuildPhase;
			buildActionMask = 2147483647;
			files = (
				59ABD8D82B45A614004AA88C /* Store_Front_SellachaUITests.swift in Sources */,
				59ABD8DA2B45A614004AA88C /* Store_Front_SellachaUITestsLaunchTests.swift in Sources */,
			);
			runOnlyForDeploymentPostprocessing = 0;
		};
/* End PBXSourcesBuildPhase section */

/* Begin PBXTargetDependency section */
		59ABD8CB2B45A614004AA88C /* PBXTargetDependency */ = {
			isa = PBXTargetDependency;
			target = 59ABD8B22B45A612004AA88C /* Store Front-Sellacha */;
			targetProxy = 59ABD8CA2B45A614004AA88C /* PBXContainerItemProxy */;
		};
		59ABD8D52B45A614004AA88C /* PBXTargetDependency */ = {
			isa = PBXTargetDependency;
			target = 59ABD8B22B45A612004AA88C /* Store Front-Sellacha */;
			targetProxy = 59ABD8D42B45A614004AA88C /* PBXContainerItemProxy */;
		};
/* End PBXTargetDependency section */

/* Begin PBXVariantGroup section */
		59ABD8BC2B45A612004AA88C /* Main.storyboard */ = {
			isa = PBXVariantGroup;
			children = (
				59ABD8BD2B45A612004AA88C /* Base */,
			);
			name = Main.storyboard;
			sourceTree = "<group>";
		};
		59ABD8C12B45A614004AA88C /* LaunchScreen.storyboard */ = {
			isa = PBXVariantGroup;
			children = (
				59ABD8C22B45A614004AA88C /* Base */,
			);
			name = LaunchScreen.storyboard;
			sourceTree = "<group>";
		};
/* End PBXVariantGroup section */

/* Begin XCBuildConfiguration section */
		59ABD8DB2B45A614004AA88C /* Debug */ = {
			isa = XCBuildConfiguration;
			buildSettings = {
				ALWAYS_SEARCH_USER_PATHS = NO;
				CLANG_ANALYZER_NONNULL = YES;
				CLANG_ANALYZER_NUMBER_OBJECT_CONVERSION = YES_AGGRESSIVE;
				CLANG_CXX_LANGUAGE_STANDARD = "gnu++20";
				CLANG_ENABLE_MODULES = YES;
				CLANG_ENABLE_OBJC_ARC = YES;
				CLANG_ENABLE_OBJC_WEAK = YES;
				CLANG_WARN_BLOCK_CAPTURE_AUTORELEASING = YES;
				CLANG_WARN_BOOL_CONVERSION = YES;
				CLANG_WARN_COMMA = YES;
				CLANG_WARN_CONSTANT_CONVERSION = YES;
				CLANG_WARN_DEPRECATED_OBJC_IMPLEMENTATIONS = YES;
				CLANG_WARN_DIRECT_OBJC_ISA_USAGE = YES_ERROR;
				CLANG_WARN_DOCUMENTATION_COMMENTS = YES;
				CLANG_WARN_EMPTY_BODY = YES;
				CLANG_WARN_ENUM_CONVERSION = YES;
				CLANG_WARN_INFINITE_RECURSION = YES;
				CLANG_WARN_INT_CONVERSION = YES;
				CLANG_WARN_NON_LITERAL_NULL_CONVERSION = YES;
				CLANG_WARN_OBJC_IMPLICIT_RETAIN_SELF = YES;
				CLANG_WARN_OBJC_LITERAL_CONVERSION = YES;
				CLANG_WARN_OBJC_ROOT_CLASS = YES_ERROR;
				CLANG_WARN_QUOTED_INCLUDE_IN_FRAMEWORK_HEADER = YES;
				CLANG_WARN_RANGE_LOOP_ANALYSIS = YES;
				CLANG_WARN_STRICT_PROTOTYPES = YES;
				CLANG_WARN_SUSPICIOUS_MOVE = YES;
				CLANG_WARN_UNGUARDED_AVAILABILITY = YES_AGGRESSIVE;
				CLANG_WARN_UNREACHABLE_CODE = YES;
				CLANG_WARN__DUPLICATE_METHOD_MATCH = YES;
				COPY_PHASE_STRIP = NO;
				DEBUG_INFORMATION_FORMAT = dwarf;
				ENABLE_STRICT_OBJC_MSGSEND = YES;
				ENABLE_TESTABILITY = YES;
				GCC_C_LANGUAGE_STANDARD = gnu11;
				GCC_DYNAMIC_NO_PIC = NO;
				GCC_NO_COMMON_BLOCKS = YES;
				GCC_OPTIMIZATION_LEVEL = 0;
				GCC_PREPROCESSOR_DEFINITIONS = (
					"DEBUG=1",
					"$(inherited)",
				);
				GCC_WARN_64_TO_32_BIT_CONVERSION = YES;
				GCC_WARN_ABOUT_RETURN_TYPE = YES_ERROR;
				GCC_WARN_UNDECLARED_SELECTOR = YES;
				GCC_WARN_UNINITIALIZED_AUTOS = YES_AGGRESSIVE;
				GCC_WARN_UNUSED_FUNCTION = YES;
				GCC_WARN_UNUSED_VARIABLE = YES;
				IPHONEOS_DEPLOYMENT_TARGET = 16.4;
				MTL_ENABLE_DEBUG_INFO = INCLUDE_SOURCE;
				MTL_FAST_MATH = YES;
				ONLY_ACTIVE_ARCH = YES;
				SDKROOT = iphoneos;
				SWIFT_ACTIVE_COMPILATION_CONDITIONS = DEBUG;
				SWIFT_OPTIMIZATION_LEVEL = "-Onone";
			};
			name = Debug;
		};
		59ABD8DC2B45A614004AA88C /* Release */ = {
			isa = XCBuildConfiguration;
			buildSettings = {
				ALWAYS_SEARCH_USER_PATHS = NO;
				CLANG_ANALYZER_NONNULL = YES;
				CLANG_ANALYZER_NUMBER_OBJECT_CONVERSION = YES_AGGRESSIVE;
				CLANG_CXX_LANGUAGE_STANDARD = "gnu++20";
				CLANG_ENABLE_MODULES = YES;
				CLANG_ENABLE_OBJC_ARC = YES;
				CLANG_ENABLE_OBJC_WEAK = YES;
				CLANG_WARN_BLOCK_CAPTURE_AUTORELEASING = YES;
				CLANG_WARN_BOOL_CONVERSION = YES;
				CLANG_WARN_COMMA = YES;
				CLANG_WARN_CONSTANT_CONVERSION = YES;
				CLANG_WARN_DEPRECATED_OBJC_IMPLEMENTATIONS = YES;
				CLANG_WARN_DIRECT_OBJC_ISA_USAGE = YES_ERROR;
				CLANG_WARN_DOCUMENTATION_COMMENTS = YES;
				CLANG_WARN_EMPTY_BODY = YES;
				CLANG_WARN_ENUM_CONVERSION = YES;
				CLANG_WARN_INFINITE_RECURSION = YES;
				CLANG_WARN_INT_CONVERSION = YES;
				CLANG_WARN_NON_LITERAL_NULL_CONVERSION = YES;
				CLANG_WARN_OBJC_IMPLICIT_RETAIN_SELF = YES;
				CLANG_WARN_OBJC_LITERAL_CONVERSION = YES;
				CLANG_WARN_OBJC_ROOT_CLASS = YES_ERROR;
				CLANG_WARN_QUOTED_INCLUDE_IN_FRAMEWORK_HEADER = YES;
				CLANG_WARN_RANGE_LOOP_ANALYSIS = YES;
				CLANG_WARN_STRICT_PROTOTYPES = YES;
				CLANG_WARN_SUSPICIOUS_MOVE = YES;
				CLANG_WARN_UNGUARDED_AVAILABILITY = YES_AGGRESSIVE;
				CLANG_WARN_UNREACHABLE_CODE = YES;
				CLANG_WARN__DUPLICATE_METHOD_MATCH = YES;
				COPY_PHASE_STRIP = NO;
				DEBUG_INFORMATION_FORMAT = "dwarf-with-dsym";
				ENABLE_NS_ASSERTIONS = NO;
				ENABLE_STRICT_OBJC_MSGSEND = YES;
				GCC_C_LANGUAGE_STANDARD = gnu11;
				GCC_NO_COMMON_BLOCKS = YES;
				GCC_WARN_64_TO_32_BIT_CONVERSION = YES;
				GCC_WARN_ABOUT_RETURN_TYPE = YES_ERROR;
				GCC_WARN_UNDECLARED_SELECTOR = YES;
				GCC_WARN_UNINITIALIZED_AUTOS = YES_AGGRESSIVE;
				GCC_WARN_UNUSED_FUNCTION = YES;
				GCC_WARN_UNUSED_VARIABLE = YES;
				IPHONEOS_DEPLOYMENT_TARGET = 16.4;
				MTL_ENABLE_DEBUG_INFO = NO;
				MTL_FAST_MATH = YES;
				SDKROOT = iphoneos;
				SWIFT_COMPILATION_MODE = wholemodule;
				SWIFT_OPTIMIZATION_LEVEL = "-O";
				VALIDATE_PRODUCT = YES;
			};
			name = Release;
		};
		59ABD8DE2B45A614004AA88C /* Debug */ = {
			isa = XCBuildConfiguration;
			baseConfigurationReference = 11C2FD65DBD35B932505F4F2 /* Pods-Store Front-Sellacha.debug.xcconfig */;
			buildSettings = {
				ASSETCATALOG_COMPILER_APPICON_NAME = AppIcon;
				ASSETCATALOG_COMPILER_GLOBAL_ACCENT_COLOR_NAME = AccentColor;
				CODE_SIGN_STYLE = Automatic;
				CURRENT_PROJECT_VERSION = 1;
				DEVELOPMENT_TEAM = XQ4U8T6THH;
				GENERATE_INFOPLIST_FILE = YES;
				INFOPLIST_FILE = "Store Front-Sellacha/Info.plist";
				INFOPLIST_KEY_NSPhotoLibraryUsageDescription = "We would like to access your pictures or videos to set up a customised profile picture to stay unique among our users";
				INFOPLIST_KEY_UIApplicationSupportsIndirectInputEvents = YES;
				INFOPLIST_KEY_UILaunchStoryboardName = LaunchScreen;
				INFOPLIST_KEY_UIMainStoryboardFile = Main;
				INFOPLIST_KEY_UISupportedInterfaceOrientations_iPad = "UIInterfaceOrientationPortrait UIInterfaceOrientationPortraitUpsideDown UIInterfaceOrientationLandscapeLeft UIInterfaceOrientationLandscapeRight";
				INFOPLIST_KEY_UISupportedInterfaceOrientations_iPhone = "UIInterfaceOrientationPortrait UIInterfaceOrientationLandscapeLeft UIInterfaceOrientationLandscapeRight";
				INFOPLIST_KEY_UIUserInterfaceStyle = Light;
				IPHONEOS_DEPLOYMENT_TARGET = 16;
				LD_RUNPATH_SEARCH_PATHS = (
					"$(inherited)",
					"@executable_path/Frameworks",
				);
				MARKETING_VERSION = 1.0;
				PRODUCT_BUNDLE_IDENTIFIER = "Sample.Store-Front-Sellacha-New";
				PRODUCT_NAME = "$(TARGET_NAME)";
				SWIFT_EMIT_LOC_STRINGS = YES;
				SWIFT_VERSION = 5.0;
				TARGETED_DEVICE_FAMILY = "1,2";
			};
			name = Debug;
		};
		59ABD8DF2B45A614004AA88C /* Release */ = {
			isa = XCBuildConfiguration;
			baseConfigurationReference = ECDD5B775A5C37EAC1BB9747 /* Pods-Store Front-Sellacha.release.xcconfig */;
			buildSettings = {
				ASSETCATALOG_COMPILER_APPICON_NAME = AppIcon;
				ASSETCATALOG_COMPILER_GLOBAL_ACCENT_COLOR_NAME = AccentColor;
				CODE_SIGN_STYLE = Automatic;
				CURRENT_PROJECT_VERSION = 1;
				DEVELOPMENT_TEAM = XQ4U8T6THH;
				GENERATE_INFOPLIST_FILE = YES;
				INFOPLIST_FILE = "Store Front-Sellacha/Info.plist";
				INFOPLIST_KEY_NSPhotoLibraryUsageDescription = "We would like to access your pictures or videos to set up a customised profile picture to stay unique among our users";
				INFOPLIST_KEY_UIApplicationSupportsIndirectInputEvents = YES;
				INFOPLIST_KEY_UILaunchStoryboardName = LaunchScreen;
				INFOPLIST_KEY_UIMainStoryboardFile = Main;
				INFOPLIST_KEY_UISupportedInterfaceOrientations_iPad = "UIInterfaceOrientationPortrait UIInterfaceOrientationPortraitUpsideDown UIInterfaceOrientationLandscapeLeft UIInterfaceOrientationLandscapeRight";
				INFOPLIST_KEY_UISupportedInterfaceOrientations_iPhone = "UIInterfaceOrientationPortrait UIInterfaceOrientationLandscapeLeft UIInterfaceOrientationLandscapeRight";
				INFOPLIST_KEY_UIUserInterfaceStyle = Light;
				IPHONEOS_DEPLOYMENT_TARGET = 16;
				LD_RUNPATH_SEARCH_PATHS = (
					"$(inherited)",
					"@executable_path/Frameworks",
				);
				MARKETING_VERSION = 1.0;
				PRODUCT_BUNDLE_IDENTIFIER = "Sample.Store-Front-Sellacha-New";
				PRODUCT_NAME = "$(TARGET_NAME)";
				SWIFT_EMIT_LOC_STRINGS = YES;
				SWIFT_VERSION = 5.0;
				TARGETED_DEVICE_FAMILY = "1,2";
			};
			name = Release;
		};
		59ABD8E12B45A614004AA88C /* Debug */ = {
			isa = XCBuildConfiguration;
			buildSettings = {
				ALWAYS_EMBED_SWIFT_STANDARD_LIBRARIES = YES;
				BUNDLE_LOADER = "$(TEST_HOST)";
				CODE_SIGN_STYLE = Automatic;
				CURRENT_PROJECT_VERSION = 1;
				GENERATE_INFOPLIST_FILE = YES;
				IPHONEOS_DEPLOYMENT_TARGET = 16.4;
				MARKETING_VERSION = 1.0;
				PRODUCT_BUNDLE_IDENTIFIER = "Sample.Store-Front-SellachaTests";
				PRODUCT_NAME = "$(TARGET_NAME)";
				SWIFT_EMIT_LOC_STRINGS = NO;
				SWIFT_VERSION = 5.0;
				TARGETED_DEVICE_FAMILY = "1,2";
				TEST_HOST = "$(BUILT_PRODUCTS_DIR)/Store Front-Sellacha.app/$(BUNDLE_EXECUTABLE_FOLDER_PATH)/Store Front-Sellacha";
			};
			name = Debug;
		};
		59ABD8E22B45A614004AA88C /* Release */ = {
			isa = XCBuildConfiguration;
			buildSettings = {
				ALWAYS_EMBED_SWIFT_STANDARD_LIBRARIES = YES;
				BUNDLE_LOADER = "$(TEST_HOST)";
				CODE_SIGN_STYLE = Automatic;
				CURRENT_PROJECT_VERSION = 1;
				GENERATE_INFOPLIST_FILE = YES;
				IPHONEOS_DEPLOYMENT_TARGET = 16.4;
				MARKETING_VERSION = 1.0;
				PRODUCT_BUNDLE_IDENTIFIER = "Sample.Store-Front-SellachaTests";
				PRODUCT_NAME = "$(TARGET_NAME)";
				SWIFT_EMIT_LOC_STRINGS = NO;
				SWIFT_VERSION = 5.0;
				TARGETED_DEVICE_FAMILY = "1,2";
				TEST_HOST = "$(BUILT_PRODUCTS_DIR)/Store Front-Sellacha.app/$(BUNDLE_EXECUTABLE_FOLDER_PATH)/Store Front-Sellacha";
			};
			name = Release;
		};
		59ABD8E42B45A614004AA88C /* Debug */ = {
			isa = XCBuildConfiguration;
			buildSettings = {
				ALWAYS_EMBED_SWIFT_STANDARD_LIBRARIES = YES;
				CODE_SIGN_STYLE = Automatic;
				CURRENT_PROJECT_VERSION = 1;
				GENERATE_INFOPLIST_FILE = YES;
				MARKETING_VERSION = 1.0;
				PRODUCT_BUNDLE_IDENTIFIER = "Sample.Store-Front-SellachaUITests";
				PRODUCT_NAME = "$(TARGET_NAME)";
				SWIFT_EMIT_LOC_STRINGS = NO;
				SWIFT_VERSION = 5.0;
				TARGETED_DEVICE_FAMILY = "1,2";
				TEST_TARGET_NAME = "Store Front-Sellacha";
			};
			name = Debug;
		};
		59ABD8E52B45A614004AA88C /* Release */ = {
			isa = XCBuildConfiguration;
			buildSettings = {
				ALWAYS_EMBED_SWIFT_STANDARD_LIBRARIES = YES;
				CODE_SIGN_STYLE = Automatic;
				CURRENT_PROJECT_VERSION = 1;
				GENERATE_INFOPLIST_FILE = YES;
				MARKETING_VERSION = 1.0;
				PRODUCT_BUNDLE_IDENTIFIER = "Sample.Store-Front-SellachaUITests";
				PRODUCT_NAME = "$(TARGET_NAME)";
				SWIFT_EMIT_LOC_STRINGS = NO;
				SWIFT_VERSION = 5.0;
				TARGETED_DEVICE_FAMILY = "1,2";
				TEST_TARGET_NAME = "Store Front-Sellacha";
			};
			name = Release;
		};
/* End XCBuildConfiguration section */

/* Begin XCConfigurationList section */
		59ABD8AE2B45A612004AA88C /* Build configuration list for PBXProject "Store Front-Sellacha" */ = {
			isa = XCConfigurationList;
			buildConfigurations = (
				59ABD8DB2B45A614004AA88C /* Debug */,
				59ABD8DC2B45A614004AA88C /* Release */,
			);
			defaultConfigurationIsVisible = 0;
			defaultConfigurationName = Release;
		};
		59ABD8DD2B45A614004AA88C /* Build configuration list for PBXNativeTarget "Store Front-Sellacha" */ = {
			isa = XCConfigurationList;
			buildConfigurations = (
				59ABD8DE2B45A614004AA88C /* Debug */,
				59ABD8DF2B45A614004AA88C /* Release */,
			);
			defaultConfigurationIsVisible = 0;
			defaultConfigurationName = Release;
		};
		59ABD8E02B45A614004AA88C /* Build configuration list for PBXNativeTarget "Store Front-SellachaTests" */ = {
			isa = XCConfigurationList;
			buildConfigurations = (
				59ABD8E12B45A614004AA88C /* Debug */,
				59ABD8E22B45A614004AA88C /* Release */,
			);
			defaultConfigurationIsVisible = 0;
			defaultConfigurationName = Release;
		};
		59ABD8E32B45A614004AA88C /* Build configuration list for PBXNativeTarget "Store Front-SellachaUITests" */ = {
			isa = XCConfigurationList;
			buildConfigurations = (
				59ABD8E42B45A614004AA88C /* Debug */,
				59ABD8E52B45A614004AA88C /* Release */,
			);
			defaultConfigurationIsVisible = 0;
			defaultConfigurationName = Release;
		};
/* End XCConfigurationList section */
	};
	rootObject = 59ABD8AB2B45A612004AA88C /* Project object */;
}
